# THIS IS AN AUTOGENERATED FILE. DO NOT EDIT THIS FILE DIRECTLY.
# yarn lockfile v1


"@babel/runtime@^7.1.2":
  version "7.5.5"
  resolved "https://registry.yarnpkg.com/@babel/runtime/-/runtime-7.5.5.tgz#74fba56d35efbeca444091c7850ccd494fd2f132"
  integrity sha512-28QvEGyQyNkB0/m2B4FU7IEZGK2NUrcMtT6BZEFALTguLk+AUT6ofsHtPk5QyjAdUkpMJ+/Em+quwz4HOt30AQ==
  dependencies:
    regenerator-runtime "^0.13.2"

react-router-config@^5.0.1:
  version "5.0.1"
  resolved "https://registry.yarnpkg.com/react-router-config/-/react-router-config-5.0.1.tgz#e6663010f42aa5e39c2f21412d8f958f6866e48a"
  integrity sha512-dgM4+aW08eMWJYnmYWRvaArOrvwdl440W2m3y6IcGUSizXD5BTg/OcJ//z8kTiHnLG+uOwXRiCnKjWQ7IkvNnA==
  dependencies:
    "@babel/runtime" "^7.1.2"

regenerator-runtime@^0.13.2:
  version "0.13.3"
  resolved "https://registry.yarnpkg.com/regenerator-runtime/-/regenerator-runtime-0.13.3.tgz#7cf6a77d8f5c6f60eb73c5fc1955b2ceb01e6bf5"
  integrity sha512-naKIZz2GQ8JWh///G7L3X6LaQUAMp2lvb1rvwwsURe/VXwD6VMfr+/1NuNw3ag8v2kY1aQ/go5SNn79O9JU7yw==
